
Microsoft Visual Studio Solution File, Format Version 12.00
# Visual Studio Version 17
VisualStudioVersion = 17.2.32630.192
MinimumVisualStudioVersion = 10.0.40219.1
Project("{9A19103F-16F7-4668-BE54-9A1E7A4F7556}") = "guitar-backend", "guitar-backend\guitar-backend.csproj", "{577F28CD-94BF-4EA3-8C26-A7AF7FB1635C}"
EndProject
Global
	GlobalSection(SolutionConfigurationPlatforms) = preSolution
		Debug|Any CPU = Debug|Any CPU
		Release|Any CPU = Release|Any CPU
	EndGlobalSection
	GlobalSection(ProjectConfigurationPlatforms) = postSolution
		{577F28CD-94BF-4EA3-8C26-A7AF7FB1635C}.Debug|Any CPU.ActiveCfg = Debug|Any CPU
		{577F28CD-94BF-4EA3-8C26-A7AF7FB1635C}.Debug|Any CPU.Build.0 = Debug|Any CPU
		{577F28CD-94BF-4EA3-8C26-A7AF7FB1635C}.Release|Any CPU.ActiveCfg = Release|Any CPU
		{577F28CD-94BF-4EA3-8C26-A7AF7FB1635C}.Release|Any CPU.Build.0 = Release|Any CPU
	EndGlobalSection
	GlobalSection(SolutionProperties) = preSolution
		HideSolutionNode = FALSE
	EndGlobalSection
	GlobalSection(ExtensibilityGlobals) = postSolution
		SolutionGuid = {E4C10554-822E-4661-B59C-A07E4D2B7C5F}
	EndGlobalSection
EndGlobal
